// !$*UTF8*$!
{
	archiveVersion = 1;
	classes = {
	};
	objectVersion = 50;
	objects = {

/* Begin PBXBuildFile section */
		28D14A052315ADF4001E4619 /* AppDelegate.swift in Sources */ = {isa = PBXBuildFile; fileRef = 28D14A042315ADF4001E4619 /* AppDelegate.swift */; };
		28D14A0A2315ADF4001E4619 /* Main.storyboard in Resources */ = {isa = PBXBuildFile; fileRef = 28D14A082315ADF4001E4619 /* Main.storyboard */; };
		28D14A0C2315ADF6001E4619 /* Assets.xcassets in Resources */ = {isa = PBXBuildFile; fileRef = 28D14A0B2315ADF6001E4619 /* Assets.xcassets */; };
		28D14A0F2315ADF6001E4619 /* LaunchScreen.storyboard in Resources */ = {isa = PBXBuildFile; fileRef = 28D14A0D2315ADF6001E4619 /* LaunchScreen.storyboard */; };
		28D14A1A2315ADF6001E4619 /* Parsing_JSON_LabTests.swift in Sources */ = {isa = PBXBuildFile; fileRef = 28D14A192315ADF6001E4619 /* Parsing_JSON_LabTests.swift */; };
		28D14A252315ADF6001E4619 /* Parsing_JSON_LabUITests.swift in Sources */ = {isa = PBXBuildFile; fileRef = 28D14A242315ADF6001E4619 /* Parsing_JSON_LabUITests.swift */; };
		28D14A332315B2FA001E4619 /* WeatherViewController.swift in Sources */ = {isa = PBXBuildFile; fileRef = 28D14A322315B2FA001E4619 /* WeatherViewController.swift */; };
		28D14A352315B358001E4619 /* ColorsViewController.swift in Sources */ = {isa = PBXBuildFile; fileRef = 28D14A342315B358001E4619 /* ColorsViewController.swift */; };
		28D14A372315B376001E4619 /* UsersViewController.swift in Sources */ = {isa = PBXBuildFile; fileRef = 28D14A362315B376001E4619 /* UsersViewController.swift */; };
		28D14A392315B43B001E4619 /* DetailWeatherViewController.swift in Sources */ = {isa = PBXBuildFile; fileRef = 28D14A382315B43B001E4619 /* DetailWeatherViewController.swift */; };
		28D14A3B2315B451001E4619 /* DetailColorViewController.swift in Sources */ = {isa = PBXBuildFile; fileRef = 28D14A3A2315B451001E4619 /* DetailColorViewController.swift */; };
		28D14A3D2315B479001E4619 /* DetailUserViewController.swift in Sources */ = {isa = PBXBuildFile; fileRef = 28D14A3C2315B479001E4619 /* DetailUserViewController.swift */; };
		28D14A422315BC44001E4619 /* ColorsScheme.json in Resources */ = {isa = PBXBuildFile; fileRef = 28D14A412315BC44001E4619 /* ColorsScheme.json */; };
		28D14A442315BF66001E4619 /* ColorsModel.swift in Sources */ = {isa = PBXBuildFile; fileRef = 28D14A432315BF66001E4619 /* ColorsModel.swift */; };
		28D14A462315C451001E4619 /* Weather.json in Resources */ = {isa = PBXBuildFile; fileRef = 28D14A452315C450001E4619 /* Weather.json */; };
		28D14A482315C48F001E4619 /* WeatherModel.swift in Sources */ = {isa = PBXBuildFile; fileRef = 28D14A472315C48F001E4619 /* WeatherModel.swift */; };
		28D14A4A231610E6001E4619 /* randomUsers.json in Resources */ = {isa = PBXBuildFile; fileRef = 28D14A49231610E6001E4619 /* randomUsers.json */; };
		28D14A4C2316115E001E4619 /* UsersModel.swift in Sources */ = {isa = PBXBuildFile; fileRef = 28D14A4B2316115E001E4619 /* UsersModel.swift */; };
/* End PBXBuildFile section */

/* Begin PBXContainerItemProxy section */
		28D14A162315ADF6001E4619 /* PBXContainerItemProxy */ = {
			isa = PBXContainerItemProxy;
			containerPortal = 28D149F92315ADF4001E4619 /* Project object */;
			proxyType = 1;
			remoteGlobalIDString = 28D14A002315ADF4001E4619;
			remoteInfo = "Parsing JSON Lab";
		};
		28D14A212315ADF6001E4619 /* PBXContainerItemProxy */ = {
			isa = PBXContainerItemProxy;
			containerPortal = 28D149F92315ADF4001E4619 /* Project object */;
			proxyType = 1;
			remoteGlobalIDString = 28D14A002315ADF4001E4619;
			remoteInfo = "Parsing JSON Lab";
		};
/* End PBXContainerItemProxy section */

/* Begin PBXFileReference section */
		28D14A012315ADF4001E4619 /* Parsing JSON Lab.app */ = {isa = PBXFileReference; explicitFileType = wrapper.application; includeInIndex = 0; path = "Parsing JSON Lab.app"; sourceTree = BUILT_PRODUCTS_DIR; };
		28D14A042315ADF4001E4619 /* AppDelegate.swift */ = {isa = PBXFileReference; lastKnownFileType = sourcecode.swift; path = AppDelegate.swift; sourceTree = "<group>"; };
		28D14A092315ADF4001E4619 /* Base */ = {isa = PBXFileReference; lastKnownFileType = file.storyboard; name = Base; path = Base.lproj/Main.storyboard; sourceTree = "<group>"; };
		28D14A0B2315ADF6001E4619 /* Assets.xcassets */ = {isa = PBXFileReference; lastKnownFileType = folder.assetcatalog; path = Assets.xcassets; sourceTree = "<group>"; };
		28D14A0E2315ADF6001E4619 /* Base */ = {isa = PBXFileReference; lastKnownFileType = file.storyboard; name = Base; path = Base.lproj/LaunchScreen.storyboard; sourceTree = "<group>"; };
		28D14A102315ADF6001E4619 /* Info.plist */ = {isa = PBXFileReference; lastKnownFileType = text.plist.xml; path = Info.plist; sourceTree = "<group>"; };
		28D14A152315ADF6001E4619 /* Parsing JSON LabTests.xctest */ = {isa = PBXFileReference; explicitFileType = wrapper.cfbundle; includeInIndex = 0; path = "Parsing JSON LabTests.xctest"; sourceTree = BUILT_PRODUCTS_DIR; };
		28D14A192315ADF6001E4619 /* Parsing_JSON_LabTests.swift */ = {isa = PBXFileReference; lastKnownFileType = sourcecode.swift; path = Parsing_JSON_LabTests.swift; sourceTree = "<group>"; };
		28D14A1B2315ADF6001E4619 /* Info.plist */ = {isa = PBXFileReference; lastKnownFileType = text.plist.xml; path = Info.plist; sourceTree = "<group>"; };
		28D14A202315ADF6001E4619 /* Parsing JSON LabUITests.xctest */ = {isa = PBXFileReference; explicitFileType = wrapper.cfbundle; includeInIndex = 0; path = "Parsing JSON LabUITests.xctest"; sourceTree = BUILT_PRODUCTS_DIR; };
		28D14A242315ADF6001E4619 /* Parsing_JSON_LabUITests.swift */ = {isa = PBXFileReference; lastKnownFileType = sourcecode.swift; path = Parsing_JSON_LabUITests.swift; sourceTree = "<group>"; };
		28D14A262315ADF6001E4619 /* Info.plist */ = {isa = PBXFileReference; lastKnownFileType = text.plist.xml; path = Info.plist; sourceTree = "<group>"; };
		28D14A322315B2FA001E4619 /* WeatherViewController.swift */ = {isa = PBXFileReference; lastKnownFileType = sourcecode.swift; path = WeatherViewController.swift; sourceTree = "<group>"; };
		28D14A342315B358001E4619 /* ColorsViewController.swift */ = {isa = PBXFileReference; lastKnownFileType = sourcecode.swift; path = ColorsViewController.swift; sourceTree = "<group>"; };
		28D14A362315B376001E4619 /* UsersViewController.swift */ = {isa = PBXFileReference; lastKnownFileType = sourcecode.swift; path = UsersViewController.swift; sourceTree = "<group>"; };
		28D14A382315B43B001E4619 /* DetailWeatherViewController.swift */ = {isa = PBXFileReference; lastKnownFileType = sourcecode.swift; path = DetailWeatherViewController.swift; sourceTree = "<group>"; };
		28D14A3A2315B451001E4619 /* DetailColorViewController.swift */ = {isa = PBXFileReference; lastKnownFileType = sourcecode.swift; path = DetailColorViewController.swift; sourceTree = "<group>"; };
		28D14A3C2315B479001E4619 /* DetailUserViewController.swift */ = {isa = PBXFileReference; lastKnownFileType = sourcecode.swift; path = DetailUserViewController.swift; sourceTree = "<group>"; };
		28D14A412315BC44001E4619 /* ColorsScheme.json */ = {isa = PBXFileReference; fileEncoding = 4; lastKnownFileType = text.json; path = ColorsScheme.json; sourceTree = "<group>"; };
		28D14A432315BF66001E4619 /* ColorsModel.swift */ = {isa = PBXFileReference; lastKnownFileType = sourcecode.swift; path = ColorsModel.swift; sourceTree = "<group>"; };
		28D14A452315C450001E4619 /* Weather.json */ = {isa = PBXFileReference; fileEncoding = 4; lastKnownFileType = text.json; path = Weather.json; sourceTree = "<group>"; };
		28D14A472315C48F001E4619 /* WeatherModel.swift */ = {isa = PBXFileReference; lastKnownFileType = sourcecode.swift; path = WeatherModel.swift; sourceTree = "<group>"; };
		28D14A49231610E6001E4619 /* randomUsers.json */ = {isa = PBXFileReference; fileEncoding = 4; lastKnownFileType = text.json; path = randomUsers.json; sourceTree = "<group>"; };
		28D14A4B2316115E001E4619 /* UsersModel.swift */ = {isa = PBXFileReference; lastKnownFileType = sourcecode.swift; path = UsersModel.swift; sourceTree = "<group>"; };
/* End PBXFileReference section */

/* Begin PBXFrameworksBuildPhase section */
		28D149FE2315ADF4001E4619 /* Frameworks */ = {
			isa = PBXFrameworksBuildPhase;
			buildActionMask = 2147483647;
			files = (
			);
			runOnlyForDeploymentPostprocessing = 0;
		};
		28D14A122315ADF6001E4619 /* Frameworks */ = {
			isa = PBXFrameworksBuildPhase;
			buildActionMask = 2147483647;
			files = (
			);
			runOnlyForDeploymentPostprocessing = 0;
		};
		28D14A1D2315ADF6001E4619 /* Frameworks */ = {
			isa = PBXFrameworksBuildPhase;
			buildActionMask = 2147483647;
			files = (
			);
			runOnlyForDeploymentPostprocessing = 0;
		};
/* End PBXFrameworksBuildPhase section */

/* Begin PBXGroup section */
		28D149F82315ADF4001E4619 = {
			isa = PBXGroup;
			children = (
				28D14A032315ADF4001E4619 /* Parsing JSON Lab */,
				28D14A182315ADF6001E4619 /* Parsing JSON LabTests */,
				28D14A232315ADF6001E4619 /* Parsing JSON LabUITests */,
				28D14A022315ADF4001E4619 /* Products */,
			);
			sourceTree = "<group>";
		};
		28D14A022315ADF4001E4619 /* Products */ = {
			isa = PBXGroup;
			children = (
				28D14A012315ADF4001E4619 /* Parsing JSON Lab.app */,
				28D14A152315ADF6001E4619 /* Parsing JSON LabTests.xctest */,
				28D14A202315ADF6001E4619 /* Parsing JSON LabUITests.xctest */,
			);
			name = Products;
			sourceTree = "<group>";
		};
		28D14A032315ADF4001E4619 /* Parsing JSON Lab */ = {
			isa = PBXGroup;
			children = (
				28D14A402315B50D001E4619 /* Supporting Files */,
				28D14A082315ADF4001E4619 /* Main.storyboard */,
				28D14A4D231629D2001E4619 /* Model Files */,
				28D14A4E231629EA001E4619 /* JSON Files */,
				28D14A3F2315B4BF001E4619 /* Main View Controllers */,
				28D14A3E2315B4A7001E4619 /* Detail View Controllers */,
				28D14A102315ADF6001E4619 /* Info.plist */,
			);
			path = "Parsing JSON Lab";
			sourceTree = "<group>";
		};
		28D14A182315ADF6001E4619 /* Parsing JSON LabTests */ = {
			isa = PBXGroup;
			children = (
				28D14A192315ADF6001E4619 /* Parsing_JSON_LabTests.swift */,
				28D14A1B2315ADF6001E4619 /* Info.plist */,
			);
			path = "Parsing JSON LabTests";
			sourceTree = "<group>";
		};
		28D14A232315ADF6001E4619 /* Parsing JSON LabUITests */ = {
			isa = PBXGroup;
			children = (
				28D14A242315ADF6001E4619 /* Parsing_JSON_LabUITests.swift */,
				28D14A262315ADF6001E4619 /* Info.plist */,
			);
			path = "Parsing JSON LabUITests";
			sourceTree = "<group>";
		};
		28D14A3E2315B4A7001E4619 /* Detail View Controllers */ = {
			isa = PBXGroup;
			children = (
				28D14A382315B43B001E4619 /* DetailWeatherViewController.swift */,
				28D14A3A2315B451001E4619 /* DetailColorViewController.swift */,
				28D14A3C2315B479001E4619 /* DetailUserViewController.swift */,
			);
			path = "Detail View Controllers";
			sourceTree = "<group>";
		};
		28D14A3F2315B4BF001E4619 /* Main View Controllers */ = {
			isa = PBXGroup;
			children = (
				28D14A322315B2FA001E4619 /* WeatherViewController.swift */,
				28D14A342315B358001E4619 /* ColorsViewController.swift */,
				28D14A362315B376001E4619 /* UsersViewController.swift */,
			);
			path = "Main View Controllers";
			sourceTree = "<group>";
		};
		28D14A402315B50D001E4619 /* Supporting Files */ = {
			isa = PBXGroup;
			children = (
				28D14A0B2315ADF6001E4619 /* Assets.xcassets */,
				28D14A042315ADF4001E4619 /* AppDelegate.swift */,
				28D14A0D2315ADF6001E4619 /* LaunchScreen.storyboard */,
			);
			path = "Supporting Files";
			sourceTree = "<group>";
		};
		28D14A4D231629D2001E4619 /* Model Files */ = {
			isa = PBXGroup;
			children = (
				28D14A432315BF66001E4619 /* ColorsModel.swift */,
				28D14A472315C48F001E4619 /* WeatherModel.swift */,
				28D14A4B2316115E001E4619 /* UsersModel.swift */,
			);
			path = "Model Files";
			sourceTree = "<group>";
		};
		28D14A4E231629EA001E4619 /* JSON Files */ = {
			isa = PBXGroup;
			children = (
				28D14A452315C450001E4619 /* Weather.json */,
				28D14A49231610E6001E4619 /* randomUsers.json */,
				28D14A412315BC44001E4619 /* ColorsScheme.json */,
			);
			path = "JSON Files";
			sourceTree = "<group>";
		};
/* End PBXGroup section */

/* Begin PBXNativeTarget section */
		28D14A002315ADF4001E4619 /* Parsing JSON Lab */ = {
			isa = PBXNativeTarget;
			buildConfigurationList = 28D14A292315ADF6001E4619 /* Build configuration list for PBXNativeTarget "Parsing JSON Lab" */;
			buildPhases = (
				28D149FD2315ADF4001E4619 /* Sources */,
				28D149FE2315ADF4001E4619 /* Frameworks */,
				28D149FF2315ADF4001E4619 /* Resources */,
			);
			buildRules = (
			);
			dependencies = (
			);
			name = "Parsing JSON Lab";
			productName = "Parsing JSON Lab";
			productReference = 28D14A012315ADF4001E4619 /* Parsing JSON Lab.app */;
			productType = "com.apple.product-type.application";
		};
		28D14A142315ADF6001E4619 /* Parsing JSON LabTests */ = {
			isa = PBXNativeTarget;
			buildConfigurationList = 28D14A2C2315ADF6001E4619 /* Build configuration list for PBXNativeTarget "Parsing JSON LabTests" */;
			buildPhases = (
				28D14A112315ADF6001E4619 /* Sources */,
				28D14A122315ADF6001E4619 /* Frameworks */,
				28D14A132315ADF6001E4619 /* Resources */,
			);
			buildRules = (
			);
			dependencies = (
				28D14A172315ADF6001E4619 /* PBXTargetDependency */,
			);
			name = "Parsing JSON LabTests";
			productName = "Parsing JSON LabTests";
			productReference = 28D14A152315ADF6001E4619 /* Parsing JSON LabTests.xctest */;
			productType = "com.apple.product-type.bundle.unit-test";
		};
		28D14A1F2315ADF6001E4619 /* Parsing JSON LabUITests */ = {
			isa = PBXNativeTarget;
			buildConfigurationList = 28D14A2F2315ADF6001E4619 /* Build configuration list for PBXNativeTarget "Parsing JSON LabUITests" */;
			buildPhases = (
				28D14A1C2315ADF6001E4619 /* Sources */,
				28D14A1D2315ADF6001E4619 /* Frameworks */,
				28D14A1E2315ADF6001E4619 /* Resources */,
			);
			buildRules = (
			);
			dependencies = (
				28D14A222315ADF6001E4619 /* PBXTargetDependency */,
			);
			name = "Parsing JSON LabUITests";
			productName = "Parsing JSON LabUITests";
			productReference = 28D14A202315ADF6001E4619 /* Parsing JSON LabUITests.xctest */;
			productType = "com.apple.product-type.bundle.ui-testing";
		};
/* End PBXNativeTarget section */

/* Begin PBXProject section */
		28D149F92315ADF4001E4619 /* Project object */ = {
			isa = PBXProject;
			attributes = {
				LastSwiftUpdateCheck = 1030;
				LastUpgradeCheck = 1030;
				ORGANIZATIONNAME = "Michelle Cueva";
				TargetAttributes = {
					28D14A002315ADF4001E4619 = {
						CreatedOnToolsVersion = 10.3;
					};
					28D14A142315ADF6001E4619 = {
						CreatedOnToolsVersion = 10.3;
						TestTargetID = 28D14A002315ADF4001E4619;
					};
					28D14A1F2315ADF6001E4619 = {
						CreatedOnToolsVersion = 10.3;
						TestTargetID = 28D14A002315ADF4001E4619;
					};
				};
			};
			buildConfigurationList = 28D149FC2315ADF4001E4619 /* Build configuration list for PBXProject "Parsing JSON Lab" */;
			compatibilityVersion = "Xcode 9.3";
			developmentRegion = en;
			hasScannedForEncodings = 0;
			knownRegions = (
				en,
				Base,
			);
			mainGroup = 28D149F82315ADF4001E4619;
			productRefGroup = 28D14A022315ADF4001E4619 /* Products */;
			projectDirPath = "";
			projectRoot = "";
			targets = (
				28D14A002315ADF4001E4619 /* Parsing JSON Lab */,
				28D14A142315ADF6001E4619 /* Parsing JSON LabTests */,
				28D14A1F2315ADF6001E4619 /* Parsing JSON LabUITests */,
			);
		};
/* End PBXProject section */

/* Begin PBXResourcesBuildPhase section */
		28D149FF2315ADF4001E4619 /* Resources */ = {
			isa = PBXResourcesBuildPhase;
			buildActionMask = 2147483647;
			files = (
				28D14A422315BC44001E4619 /* ColorsScheme.json in Resources */,
				28D14A0F2315ADF6001E4619 /* LaunchScreen.storyboard in Resources */,
				28D14A0C2315ADF6001E4619 /* Assets.xcassets in Resources */,
				28D14A0A2315ADF4001E4619 /* Main.storyboard in Resources */,
				28D14A462315C451001E4619 /* Weather.json in Resources */,
				28D14A4A231610E6001E4619 /* randomUsers.json in Resources */,
			);
			runOnlyForDeploymentPostprocessing = 0;
		};
		28D14A132315ADF6001E4619 /* Resources */ = {
			isa = PBXResourcesBuildPhase;
			buildActionMask = 2147483647;
			files = (
			);
			runOnlyForDeploymentPostprocessing = 0;
		};
		28D14A1E2315ADF6001E4619 /* Resources */ = {
			isa = PBXResourcesBuildPhase;
			buildActionMask = 2147483647;
			files = (
			);
			runOnlyForDeploymentPostprocessing = 0;
		};
/* End PBXResourcesBuildPhase section */

/* Begin PBXSourcesBuildPhase section */
		28D149FD2315ADF4001E4619 /* Sources */ = {
			isa = PBXSourcesBuildPhase;
			buildActionMask = 2147483647;
			files = (
				28D14A392315B43B001E4619 /* DetailWeatherViewController.swift in Sources */,
				28D14A3D2315B479001E4619 /* DetailUserViewController.swift in Sources */,
				28D14A052315ADF4001E4619 /* AppDelegate.swift in Sources */,
				28D14A372315B376001E4619 /* UsersViewController.swift in Sources */,
				28D14A482315C48F001E4619 /* WeatherModel.swift in Sources */,
				28D14A352315B358001E4619 /* ColorsViewController.swift in Sources */,
				28D14A332315B2FA001E4619 /* WeatherViewController.swift in Sources */,
				28D14A3B2315B451001E4619 /* DetailColorViewController.swift in Sources */,
				28D14A4C2316115E001E4619 /* UsersModel.swift in Sources */,
				28D14A442315BF66001E4619 /* ColorsModel.swift in Sources */,
			);
			runOnlyForDeploymentPostprocessing = 0;
		};
		28D14A112315ADF6001E4619 /* Sources */ = {
			isa = PBXSourcesBuildPhase;
			buildActionMask = 2147483647;
			files = (
				28D14A1A2315ADF6001E4619 /* Parsing_JSON_LabTests.swift in Sources */,
			);
			runOnlyForDeploymentPostprocessing = 0;
		};
		28D14A1C2315ADF6001E4619 /* Sources */ = {
			isa = PBXSourcesBuildPhase;
			buildActionMask = 2147483647;
			files = (
				28D14A252315ADF6001E4619 /* Parsing_JSON_LabUITests.swift in Sources */,
			);
			runOnlyForDeploymentPostprocessing = 0;
		};
/* End PBXSourcesBuildPhase section */

/* Begin PBXTargetDependency section */
		28D14A172315ADF6001E4619 /* PBXTargetDependency */ = {
			isa = PBXTargetDependency;
			target = 28D14A002315ADF4001E4619 /* Parsing JSON Lab */;
			targetProxy = 28D14A162315ADF6001E4619 /* PBXContainerItemProxy */;
		};
		28D14A222315ADF6001E4619 /* PBXTargetDependency */ = {
			isa = PBXTargetDependency;
			target = 28D14A002315ADF4001E4619 /* Parsing JSON Lab */;
			targetProxy = 28D14A212315ADF6001E4619 /* PBXContainerItemProxy */;
		};
/* End PBXTargetDependency section */

/* Begin PBXVariantGroup section */
		28D14A082315ADF4001E4619 /* Main.storyboard */ = {
			isa = PBXVariantGroup;
			children = (
				28D14A092315ADF4001E4619 /* Base */,
			);
			name = Main.storyboard;
			sourceTree = "<group>";
		};
		28D14A0D2315ADF6001E4619 /* LaunchScreen.storyboard */ = {
			isa = PBXVariantGroup;
			children = (
				28D14A0E2315ADF6001E4619 /* Base */,
			);
			name = LaunchScreen.storyboard;
			sourceTree = "<group>";
		};
/* End PBXVariantGroup section */

/* Begin XCBuildConfiguration section */
		28D14A272315ADF6001E4619 /* Debug */ = {
			isa = XCBuildConfiguration;
			buildSettings = {
				ALWAYS_SEARCH_USER_PATHS = NO;
				CLANG_ANALYZER_NONNULL = YES;
				CLANG_ANALYZER_NUMBER_OBJECT_CONVERSION = YES_AGGRESSIVE;
				CLANG_CXX_LANGUAGE_STANDARD = "gnu++14";
				CLANG_CXX_LIBRARY = "libc++";
				CLANG_ENABLE_MODULES = YES;
				CLANG_ENABLE_OBJC_ARC = YES;
				CLANG_ENABLE_OBJC_WEAK = YES;
				CLANG_WARN_BLOCK_CAPTURE_AUTORELEASING = YES;
				CLANG_WARN_BOOL_CONVERSION = YES;
				CLANG_WARN_COMMA = YES;
				CLANG_WARN_CONSTANT_CONVERSION = YES;
				CLANG_WARN_DEPRECATED_OBJC_IMPLEMENTATIONS = YES;
				CLANG_WARN_DIRECT_OBJC_ISA_USAGE = YES_ERROR;
				CLANG_WARN_DOCUMENTATION_COMMENTS = YES;
				CLANG_WARN_EMPTY_BODY = YES;
				CLANG_WARN_ENUM_CONVERSION = YES;
				CLANG_WARN_INFINITE_RECURSION = YES;
				CLANG_WARN_INT_CONVERSION = YES;
				CLANG_WARN_NON_LITERAL_NULL_CONVERSION = YES;
				CLANG_WARN_OBJC_IMPLICIT_RETAIN_SELF = YES;
				CLANG_WARN_OBJC_LITERAL_CONVERSION = YES;
				CLANG_WARN_OBJC_ROOT_CLASS = YES_ERROR;
				CLANG_WARN_RANGE_LOOP_ANALYSIS = YES;
				CLANG_WARN_STRICT_PROTOTYPES = YES;
				CLANG_WARN_SUSPICIOUS_MOVE = YES;
				CLANG_WARN_UNGUARDED_AVAILABILITY = YES_AGGRESSIVE;
				CLANG_WARN_UNREACHABLE_CODE = YES;
				CLANG_WARN__DUPLICATE_METHOD_MATCH = YES;
				CODE_SIGN_IDENTITY = "iPhone Developer";
				COPY_PHASE_STRIP = NO;
				DEBUG_INFORMATION_FORMAT = dwarf;
				ENABLE_STRICT_OBJC_MSGSEND = YES;
				ENABLE_TESTABILITY = YES;
				GCC_C_LANGUAGE_STANDARD = gnu11;
				GCC_DYNAMIC_NO_PIC = NO;
				GCC_NO_COMMON_BLOCKS = YES;
				GCC_OPTIMIZATION_LEVEL = 0;
				GCC_PREPROCESSOR_DEFINITIONS = (
					"DEBUG=1",
					"$(inherited)",
				);
				GCC_WARN_64_TO_32_BIT_CONVERSION = YES;
				GCC_WARN_ABOUT_RETURN_TYPE = YES_ERROR;
				GCC_WARN_UNDECLARED_SELECTOR = YES;
				GCC_WARN_UNINITIALIZED_AUTOS = YES_AGGRESSIVE;
				GCC_WARN_UNUSED_FUNCTION = YES;
				GCC_WARN_UNUSED_VARIABLE = YES;
				IPHONEOS_DEPLOYMENT_TARGET = 12.4;
				MTL_ENABLE_DEBUG_INFO = INCLUDE_SOURCE;
				MTL_FAST_MATH = YES;
				ONLY_ACTIVE_ARCH = YES;
				SDKROOT = iphoneos;
				SWIFT_ACTIVE_COMPILATION_CONDITIONS = DEBUG;
				SWIFT_OPTIMIZATION_LEVEL = "-Onone";
			};
			name = Debug;
		};
		28D14A282315ADF6001E4619 /* Release */ = {
			isa = XCBuildConfiguration;
			buildSettings = {
				ALWAYS_SEARCH_USER_PATHS = NO;
				CLANG_ANALYZER_NONNULL = YES;
				CLANG_ANALYZER_NUMBER_OBJECT_CONVERSION = YES_AGGRESSIVE;
				CLANG_CXX_LANGUAGE_STANDARD = "gnu++14";
				CLANG_CXX_LIBRARY = "libc++";
				CLANG_ENABLE_MODULES = YES;
				CLANG_ENABLE_OBJC_ARC = YES;
				CLANG_ENABLE_OBJC_WEAK = YES;
				CLANG_WARN_BLOCK_CAPTURE_AUTORELEASING = YES;
				CLANG_WARN_BOOL_CONVERSION = YES;
				CLANG_WARN_COMMA = YES;
				CLANG_WARN_CONSTANT_CONVERSION = YES;
				CLANG_WARN_DEPRECATED_OBJC_IMPLEMENTATIONS = YES;
				CLANG_WARN_DIRECT_OBJC_ISA_USAGE = YES_ERROR;
				CLANG_WARN_DOCUMENTATION_COMMENTS = YES;
				CLANG_WARN_EMPTY_BODY = YES;
				CLANG_WARN_ENUM_CONVERSION = YES;
				CLANG_WARN_INFINITE_RECURSION = YES;
				CLANG_WARN_INT_CONVERSION = YES;
				CLANG_WARN_NON_LITERAL_NULL_CONVERSION = YES;
				CLANG_WARN_OBJC_IMPLICIT_RETAIN_SELF = YES;
				CLANG_WARN_OBJC_LITERAL_CONVERSION = YES;
				CLANG_WARN_OBJC_ROOT_CLASS = YES_ERROR;
				CLANG_WARN_RANGE_LOOP_ANALYSIS = YES;
				CLANG_WARN_STRICT_PROTOTYPES = YES;
				CLANG_WARN_SUSPICIOUS_MOVE = YES;
				CLANG_WARN_UNGUARDED_AVAILABILITY = YES_AGGRESSIVE;
				CLANG_WARN_UNREACHABLE_CODE = YES;
				CLANG_WARN__DUPLICATE_METHOD_MATCH = YES;
				CODE_SIGN_IDENTITY = "iPhone Developer";
				COPY_PHASE_STRIP = NO;
				DEBUG_INFORMATION_FORMAT = "dwarf-with-dsym";
				ENABLE_NS_ASSERTIONS = NO;
				ENABLE_STRICT_OBJC_MSGSEND = YES;
				GCC_C_LANGUAGE_STANDARD = gnu11;
				GCC_NO_COMMON_BLOCKS = YES;
				GCC_WARN_64_TO_32_BIT_CONVERSION = YES;
				GCC_WARN_ABOUT_RETURN_TYPE = YES_ERROR;
				GCC_WARN_UNDECLARED_SELECTOR = YES;
				GCC_WARN_UNINITIALIZED_AUTOS = YES_AGGRESSIVE;
				GCC_WARN_UNUSED_FUNCTION = YES;
				GCC_WARN_UNUSED_VARIABLE = YES;
				IPHONEOS_DEPLOYMENT_TARGET = 12.4;
				MTL_ENABLE_DEBUG_INFO = NO;
				MTL_FAST_MATH = YES;
				SDKROOT = iphoneos;
				SWIFT_COMPILATION_MODE = wholemodule;
				SWIFT_OPTIMIZATION_LEVEL = "-O";
				VALIDATE_PRODUCT = YES;
			};
			name = Release;
		};
		28D14A2A2315ADF6001E4619 /* Debug */ = {
			isa = XCBuildConfiguration;
			buildSettings = {
				ASSETCATALOG_COMPILER_APPICON_NAME = AppIcon;
				CODE_SIGN_STYLE = Automatic;
				INFOPLIST_FILE = "Parsing JSON Lab/Info.plist";
				LD_RUNPATH_SEARCH_PATHS = (
					"$(inherited)",
					"@executable_path/Frameworks",
				);
				PRODUCT_BUNDLE_IDENTIFIER = "Michelle.Parsing-JSON-Lab";
				PRODUCT_NAME = "$(TARGET_NAME)";
				SWIFT_VERSION = 5.0;
				TARGETED_DEVICE_FAMILY = "1,2";
			};
			name = Debug;
		};
		28D14A2B2315ADF6001E4619 /* Release */ = {
			isa = XCBuildConfiguration;
			buildSettings = {
				ASSETCATALOG_COMPILER_APPICON_NAME = AppIcon;
				CODE_SIGN_STYLE = Automatic;
				INFOPLIST_FILE = "Parsing JSON Lab/Info.plist";
				LD_RUNPATH_SEARCH_PATHS = (
					"$(inherited)",
					"@executable_path/Frameworks",
				);
				PRODUCT_BUNDLE_IDENTIFIER = "Michelle.Parsing-JSON-Lab";
				PRODUCT_NAME = "$(TARGET_NAME)";
				SWIFT_VERSION = 5.0;
				TARGETED_DEVICE_FAMILY = "1,2";
			};
			name = Release;
		};
		28D14A2D2315ADF6001E4619 /* Debug */ = {
			isa = XCBuildConfiguration;
			buildSettings = {
				ALWAYS_EMBED_SWIFT_STANDARD_LIBRARIES = YES;
				BUNDLE_LOADER = "$(TEST_HOST)";
				CODE_SIGN_STYLE = Automatic;
				INFOPLIST_FILE = "Parsing JSON LabTests/Info.plist";
				LD_RUNPATH_SEARCH_PATHS = (
					"$(inherited)",
					"@executable_path/Frameworks",
					"@loader_path/Frameworks",
				);
				PRODUCT_BUNDLE_IDENTIFIER = "Michelle.Parsing-JSON-LabTests";
				PRODUCT_NAME = "$(TARGET_NAME)";
				SWIFT_VERSION = 5.0;
				TARGETED_DEVICE_FAMILY = "1,2";
				TEST_HOST = "$(BUILT_PRODUCTS_DIR)/Parsing JSON Lab.app/Parsing JSON Lab";
			};
			name = Debug;
		};
		28D14A2E2315ADF6001E4619 /* Release */ = {
			isa = XCBuildConfiguration;
			buildSettings = {
				ALWAYS_EMBED_SWIFT_STANDARD_LIBRARIES = YES;
				BUNDLE_LOADER = "$(TEST_HOST)";
				CODE_SIGN_STYLE = Automatic;
				INFOPLIST_FILE = "Parsing JSON LabTests/Info.plist";
				LD_RUNPATH_SEARCH_PATHS = (
					"$(inherited)",
					"@executable_path/Frameworks",
					"@loader_path/Frameworks",
				);
				PRODUCT_BUNDLE_IDENTIFIER = "Michelle.Parsing-JSON-LabTests";
				PRODUCT_NAME = "$(TARGET_NAME)";
				SWIFT_VERSION = 5.0;
				TARGETED_DEVICE_FAMILY = "1,2";
				TEST_HOST = "$(BUILT_PRODUCTS_DIR)/Parsing JSON Lab.app/Parsing JSON Lab";
			};
			name = Release;
		};
		28D14A302315ADF6001E4619 /* Debug */ = {
			isa = XCBuildConfiguration;
			buildSettings = {
				ALWAYS_EMBED_SWIFT_STANDARD_LIBRARIES = YES;
				CODE_SIGN_STYLE = Automatic;
				INFOPLIST_FILE = "Parsing JSON LabUITests/Info.plist";
				LD_RUNPATH_SEARCH_PATHS = (
					"$(inherited)",
					"@executable_path/Frameworks",
					"@loader_path/Frameworks",
				);
				PRODUCT_BUNDLE_IDENTIFIER = "Michelle.Parsing-JSON-LabUITests";
				PRODUCT_NAME = "$(TARGET_NAME)";
				SWIFT_VERSION = 5.0;
				TARGETED_DEVICE_FAMILY = "1,2";
				TEST_TARGET_NAME = "Parsing JSON Lab";
			};
			name = Debug;
		};
		28D14A312315ADF6001E4619 /* Release */ = {
			isa = XCBuildConfiguration;
			buildSettings = {
				ALWAYS_EMBED_SWIFT_STANDARD_LIBRARIES = YES;
				CODE_SIGN_STYLE = Automatic;
				INFOPLIST_FILE = "Parsing JSON LabUITests/Info.plist";
				LD_RUNPATH_SEARCH_PATHS = (
					"$(inherited)",
					"@executable_path/Frameworks",
					"@loader_path/Frameworks",
				);
				PRODUCT_BUNDLE_IDENTIFIER = "Michelle.Parsing-JSON-LabUITests";
				PRODUCT_NAME = "$(TARGET_NAME)";
				SWIFT_VERSION = 5.0;
				TARGETED_DEVICE_FAMILY = "1,2";
				TEST_TARGET_NAME = "Parsing JSON Lab";
			};
			name = Release;
		};
/* End XCBuildConfiguration section */

/* Begin XCConfigurationList section */
		28D149FC2315ADF4001E4619 /* Build configuration list for PBXProject "Parsing JSON Lab" */ = {
			isa = XCConfigurationList;
			buildConfigurations = (
				28D14A272315ADF6001E4619 /* Debug */,
				28D14A282315ADF6001E4619 /* Release */,
			);
			defaultConfigurationIsVisible = 0;
			defaultConfigurationName = Release;
		};
		28D14A292315ADF6001E4619 /* Build configuration list for PBXNativeTarget "Parsing JSON Lab" */ = {
			isa = XCConfigurationList;
			buildConfigurations = (
				28D14A2A2315ADF6001E4619 /* Debug */,
				28D14A2B2315ADF6001E4619 /* Release */,
			);
			defaultConfigurationIsVisible = 0;
			defaultConfigurationName = Release;
		};
		28D14A2C2315ADF6001E4619 /* Build configuration list for PBXNativeTarget "Parsing JSON LabTests" */ = {
			isa = XCConfigurationList;
			buildConfigurations = (
				28D14A2D2315ADF6001E4619 /* Debug */,
				28D14A2E2315ADF6001E4619 /* Release */,
			);
			defaultConfigurationIsVisible = 0;
			defaultConfigurationName = Release;
		};
		28D14A2F2315ADF6001E4619 /* Build configuration list for PBXNativeTarget "Parsing JSON LabUITests" */ = {
			isa = XCConfigurationList;
			buildConfigurations = (
				28D14A302315ADF6001E4619 /* Debug */,
				28D14A312315ADF6001E4619 /* Release */,
			);
			defaultConfigurationIsVisible = 0;
			defaultConfigurationName = Release;
		};
/* End XCConfigurationList section */
	};
	rootObject = 28D149F92315ADF4001E4619 /* Project object */;
}
